// !$*UTF8*$!
{
	archiveVersion = 1;
	classes = {
	};
	objectVersion = 46;
	objects = {

/* Begin PBXBuildFile section */
		652E0DD1183226D1001B53C7 /* Foundation.framework in Frameworks */ = {isa = PBXBuildFile; fileRef = 652E0DD0183226D1001B53C7 /* Foundation.framework */; };
		652E0DD3183226D1001B53C7 /* CoreGraphics.framework in Frameworks */ = {isa = PBXBuildFile; fileRef = 652E0DD2183226D1001B53C7 /* CoreGraphics.framework */; };
		652E0DD5183226D1001B53C7 /* UIKit.framework in Frameworks */ = {isa = PBXBuildFile; fileRef = 652E0DD4183226D1001B53C7 /* UIKit.framework */; };
		652E0DDB183226D1001B53C7 /* InfoPlist.strings in Resources */ = {isa = PBXBuildFile; fileRef = 652E0DD9183226D1001B53C7 /* InfoPlist.strings */; };
		652E0DDD183226D1001B53C7 /* main.m in Sources */ = {isa = PBXBuildFile; fileRef = 652E0DDC183226D1001B53C7 /* main.m */; };
		652E0DE1183226D1001B53C7 /* LightningAppDelegate.m in Sources */ = {isa = PBXBuildFile; fileRef = 652E0DE0183226D1001B53C7 /* LightningAppDelegate.m */; };
		652E0DE4183226D1001B53C7 /* Main.storyboard in Resources */ = {isa = PBXBuildFile; fileRef = 652E0DE2183226D1001B53C7 /* Main.storyboard */; };
		652E0DE7183226D1001B53C7 /* LightningViewController.m in Sources */ = {isa = PBXBuildFile; fileRef = 652E0DE6183226D1001B53C7 /* LightningViewController.m */; };
		652E0DE9183226D1001B53C7 /* Images.xcassets in Resources */ = {isa = PBXBuildFile; fileRef = 652E0DE8183226D1001B53C7 /* Images.xcassets */; };
		652E0DF0183226D2001B53C7 /* XCTest.framework in Frameworks */ = {isa = PBXBuildFile; fileRef = 652E0DEF183226D2001B53C7 /* XCTest.framework */; };
		652E0DF1183226D2001B53C7 /* Foundation.framework in Frameworks */ = {isa = PBXBuildFile; fileRef = 652E0DD0183226D1001B53C7 /* Foundation.framework */; };
		652E0DF2183226D2001B53C7 /* UIKit.framework in Frameworks */ = {isa = PBXBuildFile; fileRef = 652E0DD4183226D1001B53C7 /* UIKit.framework */; };
		652E0DFA183226D2001B53C7 /* InfoPlist.strings in Resources */ = {isa = PBXBuildFile; fileRef = 652E0DF8183226D2001B53C7 /* InfoPlist.strings */; };
		652E0DFC183226D2001B53C7 /* FirstTestProTests.m in Sources */ = {isa = PBXBuildFile; fileRef = 652E0DFB183226D2001B53C7 /* FirstTestProTests.m */; };
/* End PBXBuildFile section */

/* Begin PBXContainerItemProxy section */
		652E0DF3183226D2001B53C7 /* PBXContainerItemProxy */ = {
			isa = PBXContainerItemProxy;
			containerPortal = 652E0DC5183226D1001B53C7 /* Project object */;
			proxyType = 1;
			remoteGlobalIDString = 652E0DCC183226D1001B53C7;
			remoteInfo = FirstTestPro;
		};
/* End PBXContainerItemProxy section */

/* Begin PBXFileReference section */
		652E0DCD183226D1001B53C7 /* FirstTestPro.app */ = {isa = PBXFileReference; explicitFileType = wrapper.application; includeInIndex = 0; path = FirstTestPro.app; sourceTree = BUILT_PRODUCTS_DIR; };
		652E0DD0183226D1001B53C7 /* Foundation.framework */ = {isa = PBXFileReference; lastKnownFileType = wrapper.framework; name = Foundation.framework; path = System/Library/Frameworks/Foundation.framework; sourceTree = SDKROOT; };
		652E0DD2183226D1001B53C7 /* CoreGraphics.framework */ = {isa = PBXFileReference; lastKnownFileType = wrapper.framework; name = CoreGraphics.framework; path = System/Library/Frameworks/CoreGraphics.framework; sourceTree = SDKROOT; };
		652E0DD4183226D1001B53C7 /* UIKit.framework */ = {isa = PBXFileReference; lastKnownFileType = wrapper.framework; name = UIKit.framework; path = System/Library/Frameworks/UIKit.framework; sourceTree = SDKROOT; };
		652E0DD8183226D1001B53C7 /* FirstTestPro-Info.plist */ = {isa = PBXFileReference; lastKnownFileType = text.plist.xml; path = "FirstTestPro-Info.plist"; sourceTree = "<group>"; };
		652E0DDA183226D1001B53C7 /* en */ = {isa = PBXFileReference; lastKnownFileType = text.plist.strings; name = en; path = en.lproj/InfoPlist.strings; sourceTree = "<group>"; };
		652E0DDC183226D1001B53C7 /* main.m */ = {isa = PBXFileReference; lastKnownFileType = sourcecode.c.objc; path = main.m; sourceTree = "<group>"; };
		652E0DDE183226D1001B53C7 /* FirstTestPro-Prefix.pch */ = {isa = PBXFileReference; lastKnownFileType = sourcecode.c.h; path = "FirstTestPro-Prefix.pch"; sourceTree = "<group>"; };
		652E0DDF183226D1001B53C7 /* LightningAppDelegate.h */ = {isa = PBXFileReference; lastKnownFileType = sourcecode.c.h; path = LightningAppDelegate.h; sourceTree = "<group>"; };
		652E0DE0183226D1001B53C7 /* LightningAppDelegate.m */ = {isa = PBXFileReference; lastKnownFileType = sourcecode.c.objc; path = LightningAppDelegate.m; sourceTree = "<group>"; };
		652E0DE3183226D1001B53C7 /* Base */ = {isa = PBXFileReference; lastKnownFileType = file.storyboard; name = Base; path = Base.lproj/Main.storyboard; sourceTree = "<group>"; };
		652E0DE5183226D1001B53C7 /* LightningViewController.h */ = {isa = PBXFileReference; lastKnownFileType = sourcecode.c.h; path = LightningViewController.h; sourceTree = "<group>"; };
		652E0DE6183226D1001B53C7 /* LightningViewController.m */ = {isa = PBXFileReference; lastKnownFileType = sourcecode.c.objc; path = LightningViewController.m; sourceTree = "<group>"; };
		652E0DE8183226D1001B53C7 /* Images.xcassets */ = {isa = PBXFileReference; lastKnownFileType = folder.assetcatalog; path = Images.xcassets; sourceTree = "<group>"; };
		652E0DEE183226D2001B53C7 /* FirstTestProTests.xctest */ = {isa = PBXFileReference; explicitFileType = wrapper.cfbundle; includeInIndex = 0; path = FirstTestProTests.xctest; sourceTree = BUILT_PRODUCTS_DIR; };
		652E0DEF183226D2001B53C7 /* XCTest.framework */ = {isa = PBXFileReference; lastKnownFileType = wrapper.framework; name = XCTest.framework; path = Library/Frameworks/XCTest.framework; sourceTree = DEVELOPER_DIR; };
		652E0DF7183226D2001B53C7 /* FirstTestProTests-Info.plist */ = {isa = PBXFileReference; lastKnownFileType = text.plist.xml; path = "FirstTestProTests-Info.plist"; sourceTree = "<group>"; };
		652E0DF9183226D2001B53C7 /* en */ = {isa = PBXFileReference; lastKnownFileType = text.plist.strings; name = en; path = en.lproj/InfoPlist.strings; sourceTree = "<group>"; };
		652E0DFB183226D2001B53C7 /* FirstTestProTests.m */ = {isa = PBXFileReference; lastKnownFileType = sourcecode.c.objc; path = FirstTestProTests.m; sourceTree = "<group>"; };
/* End PBXFileReference section */

/* Begin PBXFrameworksBuildPhase section */
		652E0DCA183226D1001B53C7 /* Frameworks */ = {
			isa = PBXFrameworksBuildPhase;
			buildActionMask = 2147483647;
			files = (
				652E0DD3183226D1001B53C7 /* CoreGraphics.framework in Frameworks */,
				652E0DD5183226D1001B53C7 /* UIKit.framework in Frameworks */,
				652E0DD1183226D1001B53C7 /* Foundation.framework in Frameworks */,
			);
			runOnlyForDeploymentPostprocessing = 0;
		};
		652E0DEB183226D2001B53C7 /* Frameworks */ = {
			isa = PBXFrameworksBuildPhase;
			buildActionMask = 2147483647;
			files = (
				652E0DF0183226D2001B53C7 /* XCTest.framework in Frameworks */,
				652E0DF2183226D2001B53C7 /* UIKit.framework in Frameworks */,
				652E0DF1183226D2001B53C7 /* Foundation.framework in Frameworks */,
			);
			runOnlyForDeploymentPostprocessing = 0;
		};
/* End PBXFrameworksBuildPhase section */

/* Begin PBXGroup section */
		652E0DC4183226D1001B53C7 = {
			isa = PBXGroup;
			children = (
				652E0DD6183226D1001B53C7 /* FirstTestPro */,
				652E0DF5183226D2001B53C7 /* FirstTestProTests */,
				652E0DCF183226D1001B53C7 /* Frameworks */,
				652E0DCE183226D1001B53C7 /* Products */,
			);
			sourceTree = "<group>";
		};
		652E0DCE183226D1001B53C7 /* Products */ = {
			isa = PBXGroup;
			children = (
				652E0DCD183226D1001B53C7 /* FirstTestPro.app */,
				652E0DEE183226D2001B53C7 /* FirstTestProTests.xctest */,
			);
			name = Products;
			sourceTree = "<group>";
		};
		652E0DCF183226D1001B53C7 /* Frameworks */ = {
			isa = PBXGroup;
			children = (
				652E0DD0183226D1001B53C7 /* Foundation.framework */,
				652E0DD2183226D1001B53C7 /* CoreGraphics.framework */,
				652E0DD4183226D1001B53C7 /* UIKit.framework */,
				652E0DEF183226D2001B53C7 /* XCTest.framework */,
			);
			name = Frameworks;
			sourceTree = "<group>";
		};
		652E0DD6183226D1001B53C7 /* FirstTestPro */ = {
			isa = PBXGroup;
			children = (
				652E0DDF183226D1001B53C7 /* LightningAppDelegate.h */,
				652E0DE0183226D1001B53C7 /* LightningAppDelegate.m */,
				652E0DE2183226D1001B53C7 /* Main.storyboard */,
				652E0DE5183226D1001B53C7 /* LightningViewController.h */,
				652E0DE6183226D1001B53C7 /* LightningViewController.m */,
				652E0DE8183226D1001B53C7 /* Images.xcassets */,
				652E0DD7183226D1001B53C7 /* Supporting Files */,
			);
			path = FirstTestPro;
			sourceTree = "<group>";
		};
		652E0DD7183226D1001B53C7 /* Supporting Files */ = {
			isa = PBXGroup;
			children = (
				652E0DD8183226D1001B53C7 /* FirstTestPro-Info.plist */,
				652E0DD9183226D1001B53C7 /* InfoPlist.strings */,
				652E0DDC183226D1001B53C7 /* main.m */,
				652E0DDE183226D1001B53C7 /* FirstTestPro-Prefix.pch */,
			);
			name = "Supporting Files";
			sourceTree = "<group>";
		};
		652E0DF5183226D2001B53C7 /* FirstTestProTests */ = {
			isa = PBXGroup;
			children = (
				652E0DFB183226D2001B53C7 /* FirstTestProTests.m */,
				652E0DF6183226D2001B53C7 /* Supporting Files */,
			);
			path = FirstTestProTests;
			sourceTree = "<group>";
		};
		652E0DF6183226D2001B53C7 /* Supporting Files */ = {
			isa = PBXGroup;
			children = (
				652E0DF7183226D2001B53C7 /* FirstTestProTests-Info.plist */,
				652E0DF8183226D2001B53C7 /* InfoPlist.strings */,
			);
			name = "Supporting Files";
			sourceTree = "<group>";
		};
/* End PBXGroup section */

/* Begin PBXNativeTarget section */
		652E0DCC183226D1001B53C7 /* FirstTestPro */ = {
			isa = PBXNativeTarget;
			buildConfigurationList = 652E0DFF183226D2001B53C7 /* Build configuration list for PBXNativeTarget "FirstTestPro" */;
			buildPhases = (
				652E0DC9183226D1001B53C7 /* Sources */,
				652E0DCA183226D1001B53C7 /* Frameworks */,
				652E0DCB183226D1001B53C7 /* Resources */,
			);
			buildRules = (
			);
			dependencies = (
			);
			name = FirstTestPro;
			productName = FirstTestPro;
			productReference = 652E0DCD183226D1001B53C7 /* FirstTestPro.app */;
			productType = "com.apple.product-type.application";
		};
		652E0DED183226D2001B53C7 /* FirstTestProTests */ = {
			isa = PBXNativeTarget;
			buildConfigurationList = 652E0E02183226D2001B53C7 /* Build configuration list for PBXNativeTarget "FirstTestProTests" */;
			buildPhases = (
				652E0DEA183226D2001B53C7 /* Sources */,
				652E0DEB183226D2001B53C7 /* Frameworks */,
				652E0DEC183226D2001B53C7 /* Resources */,
			);
			buildRules = (
			);
			dependencies = (
				652E0DF4183226D2001B53C7 /* PBXTargetDependency */,
			);
			name = FirstTestProTests;
			productName = FirstTestProTests;
			productReference = 652E0DEE183226D2001B53C7 /* FirstTestProTests.xctest */;
			productType = "com.apple.product-type.bundle.unit-test";
		};
/* End PBXNativeTarget section */

/* Begin PBXProject section */
		652E0DC5183226D1001B53C7 /* Project object */ = {
			isa = PBXProject;
			attributes = {
				CLASSPREFIX = Lightning;
				LastUpgradeCheck = 0500;
				ORGANIZATIONNAME = Lightning;
				TargetAttributes = {
					652E0DED183226D2001B53C7 = {
						TestTargetID = 652E0DCC183226D1001B53C7;
					};
				};
			};
			buildConfigurationList = 652E0DC8183226D1001B53C7 /* Build configuration list for PBXProject "FirstTestPro" */;
			compatibilityVersion = "Xcode 3.2";
			developmentRegion = English;
			hasScannedForEncodings = 0;
			knownRegions = (
				en,
				Base,
			);
			mainGroup = 652E0DC4183226D1001B53C7;
			productRefGroup = 652E0DCE183226D1001B53C7 /* Products */;
			projectDirPath = "";
			projectRoot = "";
			targets = (
				652E0DCC183226D1001B53C7 /* FirstTestPro */,
				652E0DED183226D2001B53C7 /* FirstTestProTests */,
			);
		};
/* End PBXProject section */

/* Begin PBXResourcesBuildPhase section */
		652E0DCB183226D1001B53C7 /* Resources */ = {
			isa = PBXResourcesBuildPhase;
			buildActionMask = 2147483647;
			files = (
				652E0DE9183226D1001B53C7 /* Images.xcassets in Resources */,
				652E0DDB183226D1001B53C7 /* InfoPlist.strings in Resources */,
				652E0DE4183226D1001B53C7 /* Main.storyboard in Resources */,
			);
			runOnlyForDeploymentPostprocessing = 0;
		};
		652E0DEC183226D2001B53C7 /* Resources */ = {
			isa = PBXResourcesBuildPhase;
			buildActionMask = 2147483647;
			files = (
				652E0DFA183226D2001B53C7 /* InfoPlist.strings in Resources */,
			);
			runOnlyForDeploymentPostprocessing = 0;
		};
/* End PBXResourcesBuildPhase section */

/* Begin PBXSourcesBuildPhase section */
		652E0DC9183226D1001B53C7 /* Sources */ = {
			isa = PBXSourcesBuildPhase;
			buildActionMask = 2147483647;
			files = (
				652E0DDD183226D1001B53C7 /* main.m in Sources */,
				652E0DE7183226D1001B53C7 /* LightningViewController.m in Sources */,
				652E0DE1183226D1001B53C7 /* LightningAppDelegate.m in Sources */,
			);
			runOnlyForDeploymentPostprocessing = 0;
		};
		652E0DEA183226D2001B53C7 /* Sources */ = {
			isa = PBXSourcesBuildPhase;
			buildActionMask = 2147483647;
			files = (
				652E0DFC183226D2001B53C7 /* FirstTestProTests.m in Sources */,
			);
			runOnlyForDeploymentPostprocessing = 0;
		};
/* End PBXSourcesBuildPhase section */

/* Begin PBXTargetDependency section */
		652E0DF4183226D2001B53C7 /* PBXTargetDependency */ = {
			isa = PBXTargetDependency;
			target = 652E0DCC183226D1001B53C7 /* FirstTestPro */;
			targetProxy = 652E0DF3183226D2001B53C7 /* PBXContainerItemProxy */;
		};
/* End PBXTargetDependency section */

/* Begin PBXVariantGroup section */
		652E0DD9183226D1001B53C7 /* InfoPlist.strings */ = {
			isa = PBXVariantGroup;
			children = (
				652E0DDA183226D1001B53C7 /* en */,
			);
			name = InfoPlist.strings;
			sourceTree = "<group>";
		};
		652E0DE2183226D1001B53C7 /* Main.storyboard */ = {
			isa = PBXVariantGroup;
			children = (
				652E0DE3183226D1001B53C7 /* Base */,
			);
			name = Main.storyboard;
			sourceTree = "<group>";
		};
		652E0DF8183226D2001B53C7 /* InfoPlist.strings */ = {
			isa = PBXVariantGroup;
			children = (
				652E0DF9183226D2001B53C7 /* en */,
			);
			name = InfoPlist.strings;
			sourceTree = "<group>";
		};
/* End PBXVariantGroup section */

/* Begin XCBuildConfiguration section */
		652E0DFD183226D2001B53C7 /* Debug */ = {
			isa = XCBuildConfiguration;
			buildSettings = {
				ALWAYS_SEARCH_USER_PATHS = NO;
				ARCHS = "$(ARCHS_STANDARD_INCLUDING_64_BIT)";
				CLANG_CXX_LANGUAGE_STANDARD = "gnu++0x";
				CLANG_CXX_LIBRARY = "libc++";
				CLANG_ENABLE_MODULES = YES;
				CLANG_ENABLE_OBJC_ARC = YES;
				CLANG_WARN_BOOL_CONVERSION = YES;
				CLANG_WARN_CONSTANT_CONVERSION = YES;
				CLANG_WARN_DIRECT_OBJC_ISA_USAGE = YES_ERROR;
				CLANG_WARN_EMPTY_BODY = YES;
				CLANG_WARN_ENUM_CONVERSION = YES;
				CLANG_WARN_INT_CONVERSION = YES;
				CLANG_WARN_OBJC_ROOT_CLASS = YES_ERROR;
				CLANG_WARN__DUPLICATE_METHOD_MATCH = YES;
				"CODE_SIGN_IDENTITY[sdk=iphoneos*]" = "iPhone Developer";
				COPY_PHASE_STRIP = NO;
				GCC_C_LANGUAGE_STANDARD = gnu99;
				GCC_DYNAMIC_NO_PIC = NO;
				GCC_OPTIMIZATION_LEVEL = 0;
				GCC_PREPROCESSOR_DEFINITIONS = (
					"DEBUG=1",
					"$(inherited)",
				);
				GCC_SYMBOLS_PRIVATE_EXTERN = NO;
				GCC_WARN_64_TO_32_BIT_CONVERSION = YES;
				GCC_WARN_ABOUT_RETURN_TYPE = YES_ERROR;
				GCC_WARN_UNDECLARED_SELECTOR = YES;
				GCC_WARN_UNINITIALIZED_AUTOS = YES;
				GCC_WARN_UNUSED_FUNCTION = YES;
				GCC_WARN_UNUSED_VARIABLE = YES;
				IPHONEOS_DEPLOYMENT_TARGET = 7.0;
				ONLY_ACTIVE_ARCH = YES;
				SDKROOT = iphoneos;
			};
			name = Debug;
		};
		652E0DFE183226D2001B53C7 /* Release */ = {
			isa = XCBuildConfiguration;
			buildSettings = {
				ALWAYS_SEARCH_USER_PATHS = NO;
				ARCHS = "$(ARCHS_STANDARD_INCLUDING_64_BIT)";
				CLANG_CXX_LANGUAGE_STANDARD = "gnu++0x";
				CLANG_CXX_LIBRARY = "libc++";
				CLANG_ENABLE_MODULES = YES;
				CLANG_ENABLE_OBJC_ARC = YES;
				CLANG_WARN_BOOL_CONVERSION = YES;
				CLANG_WARN_CONSTANT_CONVERSION = YES;
				CLANG_WARN_DIRECT_OBJC_ISA_USAGE = YES_ERROR;
				CLANG_WARN_EMPTY_BODY = YES;
				CLANG_WARN_ENUM_CONVERSION = YES;
				CLANG_WARN_INT_CONVERSION = YES;
				CLANG_WARN_OBJC_ROOT_CLASS = YES_ERROR;
				CLANG_WARN__DUPLICATE_METHOD_MATCH = YES;
				"CODE_SIGN_IDENTITY[sdk=iphoneos*]" = "iPhone Developer";
				COPY_PHASE_STRIP = YES;
				ENABLE_NS_ASSERTIONS = NO;
				GCC_C_LANGUAGE_STANDARD = gnu99;
				GCC_WARN_64_TO_32_BIT_CONVERSION = YES;
				GCC_WARN_ABOUT_RETURN_TYPE = YES_ERROR;
				GCC_WARN_UNDECLARED_SELECTOR = YES;
				GCC_WARN_UNINITIALIZED_AUTOS = YES;
				GCC_WARN_UNUSED_FUNCTION = YES;
				GCC_WARN_UNUSED_VARIABLE = YES;
				IPHONEOS_DEPLOYMENT_TARGET = 7.0;
				SDKROOT = iphoneos;
				VALIDATE_PRODUCT = YES;
			};
			name = Release;
		};
		652E0E00183226D2001B53C7 /* Debug */ = {
			isa = XCBuildConfiguration;
			buildSettings = {
				ASSETCATALOG_COMPILER_APPICON_NAME = AppIcon;
				ASSETCATALOG_COMPILER_LAUNCHIMAGE_NAME = LaunchImage;
				GCC_PRECOMPILE_PREFIX_HEADER = YES;
				GCC_PREFIX_HEADER = "FirstTestPro/FirstTestPro-Prefix.pch";
				INFOPLIST_FILE = "FirstTestPro/FirstTestPro-Info.plist";
				PRODUCT_NAME = "$(TARGET_NAME)";
				WRAPPER_EXTENSION = app;
			};
			name = Debug;
		};
		652E0E01183226D2001B53C7 /* Release */ = {
			isa = XCBuildConfiguration;
			buildSettings = {
				ASSETCATALOG_COMPILER_APPICON_NAME = AppIcon;
				ASSETCATALOG_COMPILER_LAUNCHIMAGE_NAME = LaunchImage;
				GCC_PRECOMPILE_PREFIX_HEADER = YES;
				GCC_PREFIX_HEADER = "FirstTestPro/FirstTestPro-Prefix.pch";
				INFOPLIST_FILE = "FirstTestPro/FirstTestPro-Info.plist";
				PRODUCT_NAME = "$(TARGET_NAME)";
				WRAPPER_EXTENSION = app;
			};
			name = Release;
		};
		652E0E03183226D2001B53C7 /* Debug */ = {
			isa = XCBuildConfiguration;
			buildSettings = {
				ARCHS = "$(ARCHS_STANDARD_INCLUDING_64_BIT)";
				BUNDLE_LOADER = "$(BUILT_PRODUCTS_DIR)/FirstTestPro.app/FirstTestPro";
				FRAMEWORK_SEARCH_PATHS = (
					"$(SDKROOT)/Developer/Library/Frameworks",
					"$(inherited)",
					"$(DEVELOPER_FRAMEWORKS_DIR)",
				);
				GCC_PRECOMPILE_PREFIX_HEADER = YES;
				GCC_PREFIX_HEADER = "FirstTestPro/FirstTestPro-Prefix.pch";
				GCC_PREPROCESSOR_DEFINITIONS = (
					"DEBUG=1",
					"$(inherited)",
				);
				INFOPLIST_FILE = "FirstTestProTests/FirstTestProTests-Info.plist";
				PRODUCT_NAME = "$(TARGET_NAME)";
				TEST_HOST = "$(BUNDLE_LOADER)";
				WRAPPER_EXTENSION = xctest;
			};
			name = Debug;
		};
		652E0E04183226D2001B53C7 /* Release */ = {
			isa = XCBuildConfiguration;
			buildSettings = {
				ARCHS = "$(ARCHS_STANDARD_INCLUDING_64_BIT)";
				BUNDLE_LOADER = "$(BUILT_PRODUCTS_DIR)/FirstTestPro.app/FirstTestPro";
				FRAMEWORK_SEARCH_PATHS = (
					"$(SDKROOT)/Developer/Library/Frameworks",
					"$(inherited)",
					"$(DEVELOPER_FRAMEWORKS_DIR)",
				);
				GCC_PRECOMPILE_PREFIX_HEADER = YES;
				GCC_PREFIX_HEADER = "FirstTestPro/FirstTestPro-Prefix.pch";
				INFOPLIST_FILE = "FirstTestProTests/FirstTestProTests-Info.plist";
				PRODUCT_NAME = "$(TARGET_NAME)";
				TEST_HOST = "$(BUNDLE_LOADER)";
				WRAPPER_EXTENSION = xctest;
			};
			name = Release;
		};
/* End XCBuildConfiguration section */

/* Begin XCConfigurationList section */
		652E0DC8183226D1001B53C7 /* Build configuration list for PBXProject "FirstTestPro" */ = {
			isa = XCConfigurationList;
			buildConfigurations = (
				652E0DFD183226D2001B53C7 /* Debug */,
				652E0DFE183226D2001B53C7 /* Release */,
			);
			defaultConfigurationIsVisible = 0;
			defaultConfigurationName = Release;
		};
		652E0DFF183226D2001B53C7 /* Build configuration list for PBXNativeTarget "FirstTestPro" */ = {
			isa = XCConfigurationList;
			buildConfigurations = (
				652E0E00183226D2001B53C7 /* Debug */,
				652E0E01183226D2001B53C7 /* Release */,
			);
			defaultConfigurationIsVisible = 0;
		};
		652E0E02183226D2001B53C7 /* Build configuration list for PBXNativeTarget "FirstTestProTests" */ = {
			isa = XCConfigurationList;
			buildConfigurations = (
				652E0E03183226D2001B53C7 /* Debug */,
				652E0E04183226D2001B53C7 /* Release */,
			);
			defaultConfigurationIsVisible = 0;
		};
/* End XCConfigurationList section */
	};
	rootObject = 652E0DC5183226D1001B53C7 /* Project object */;
}
